
Microsoft Visual Studio Solution File, Format Version 12.00
# Visual Studio Version 16
VisualStudioVersion = 16.0.31321.278
MinimumVisualStudioVersion = 10.0.40219.1
Project("{FAE04EC0-301F-11D3-BF4B-00C04F79EFBC}") = "TicTacToi", "TicTacToi\TicTacToi.csproj", "{20BFCB4F-6CE3-4493-BDAD-C278DAB72508}"
EndProject
Global
	GlobalSection(SolutionConfigurationPlatforms) = preSolution
		Debug|Any CPU = Debug|Any CPU
		Release|Any CPU = Release|Any CPU
	EndGlobalSection
	GlobalSection(ProjectConfigurationPlatforms) = postSolution
		{20BFCB4F-6CE3-4493-BDAD-C278DAB72508}.Debug|Any CPU.ActiveCfg = Debug|Any CPU
		{20BFCB4F-6CE3-4493-BDAD-C278DAB72508}.Debug|Any CPU.Build.0 = Debug|Any CPU
		{20BFCB4F-6CE3-4493-BDAD-C278DAB72508}.Release|Any CPU.ActiveCfg = Release|Any CPU
		{20BFCB4F-6CE3-4493-BDAD-C278DAB72508}.Release|Any CPU.Build.0 = Release|Any CPU
	EndGlobalSection
	GlobalSection(SolutionProperties) = preSolution
		HideSolutionNode = FALSE
	EndGlobalSection
	GlobalSection(ExtensibilityGlobals) = postSolution
		SolutionGuid = {15251E83-E0FF-4E95-9A4F-DEE2C826DC8D}
	EndGlobalSection
EndGlobal
